{
  "name": "flutter-fvm-config-action",
  "version": "1.0.0",
  "lockfileVersion": 2,
  "requires": true,
  "packages": {
    "": {
      "version": "1.0.0",
      "license": "ISC",
      "dependencies": {
        "@actions/core": "^1.4.0",
        "fs": "^0.0.1-security",
        "path": "^0.12.7"
      }
    },
    "node_modules/@actions/core": {
      "version": "1.4.0",
      "resolved": "https://registry.npmjs.org/@actions/core/-/core-1.4.0.tgz",
      "integrity": "sha512-CGx2ilGq5i7zSLgiiGUtBCxhRRxibJYU6Fim0Q1Wg2aQL2LTnF27zbqZOrxfvFQ55eSBW0L8uVStgtKMpa0Qlg=="
    },
    "node_modules/fs": {
      "version": "0.0.1-security",
      "resolved": "https://registry.npmjs.org/fs/-/fs-0.0.1-security.tgz",
      "integrity": "sha1-invTcYa23d84E/I4WLV+yq9eQdQ="
    },
    "node_modules/inherits": {
      "version": "2.0.3",
      "resolved": "https://registry.npmjs.org/inherits/-/inherits-2.0.3.tgz",
      "integrity": "sha1-Yzwsg+PaQqUC9SRmAiSA9CCCYd4="
    },
    "node_modules/path": {
      "version": "0.12.7",
      "resolved": "https://registry.npmjs.org/path/-/path-0.12.7.tgz",
      "integrity": "sha1-1NwqUGxM4hl+tIHr/NWzbAFAsQ8=",
      "dependencies": {
        "process": "^0.11.1",
        "util": "^0.10.3"
      }
    },
    "node_modules/process": {
      "version": "0.11.10",
      "resolved": "https://registry.npmjs.org/process/-/process-0.11.10.tgz",
      "integrity": "sha1-czIwDoQBYb2j5podHZGn1LwW8YI=",
      "engines": {
        "node": ">= 0.6.0"
      }
    },
    "node_modules/util": {
      "version": "0.10.4",
      "resolved": "https://registry.npmjs.org/util/-/util-0.10.4.tgz",
      "integrity": "sha512-0Pm9hTQ3se5ll1XihRic3FDIku70C+iHUdT/W926rSgHV5QgXsYbKZN8MSC3tJtSkhuROzvsQjAaFENRXr+19A==",
      "dependencies": {
        "inherits": "2.0.3"
      }
    }
  },
  "dependencies": {
    "@actions/core": {
      "version": "1.4.0",
      "resolved": "https://registry.npmjs.org/@actions/core/-/core-1.4.0.tgz",
      "integrity": "sha512-CGx2ilGq5i7zSLgiiGUtBCxhRRxibJYU6Fim0Q1Wg2aQL2LTnF27zbqZOrxfvFQ55eSBW0L8uVStgtKMpa0Qlg=="
    },
    "fs": {
      "version": "0.0.1-security",
      "resolved": "https://registry.npmjs.org/fs/-/fs-0.0.1-security.tgz",
      "integrity": "sha1-invTcYa23d84E/I4WLV+yq9eQdQ="
    },
    "inherits": {
      "version": "2.0.3",
      "resolved": "https://registry.npmjs.org/inherits/-/inherits-2.0.3.tgz",
      "integrity": "sha1-Yzwsg+PaQqUC9SRmAiSA9CCCYd4="
    },
    "path": {
      "version": "0.12.7",
      "resolved": "https://registry.npmjs.org/path/-/path-0.12.7.tgz",
      "integrity": "sha1-1NwqUGxM4hl+tIHr/NWzbAFAsQ8=",
      "requires": {
        "process": "^0.11.1",
        "util": "^0.10.3"
      }
    },
    "process": {
      "version": "0.11.10",
      "resolved": "https://registry.npmjs.org/process/-/process-0.11.10.tgz",
      "integrity": "sha1-czIwDoQBYb2j5podHZGn1LwW8YI="
    },
    "util": {
      "version": "0.10.4",
      "resolved": "https://registry.npmjs.org/util/-/util-0.10.4.tgz",
      "integrity": "sha512-0Pm9hTQ3se5ll1XihRic3FDIku70C+iHUdT/W926rSgHV5QgXsYbKZN8MSC3tJtSkhuROzvsQjAaFENRXr+19A==",
      "requires": {
        "inherits": "2.0.3"
      }
    }
  }
}
